id: pulsed_power_power_calc_ff
label: power_calc_ff
category: "[pulsed_power]"

templates:
  imports: from gnuradio import pulsed_power
  make: pulsed_power.power_calc_ff(${alpha})

#  Make one 'parameters' list entry for every parameter you want settable from the GUI.
#     Keys include:
#     * id (makes the value accessible as keyname, e.g. in the make entry)
#     * label (label shown in the GUI)
#     * dtype (e.g. int, float, complex, byte, short, xxx_vector, ...)
#     * default
parameters:
  - id: alpha
    label: Alpha
    dtype: real
    default: "0.0001"
#- id: ...
#  label: ...
#  dtype: ...

#  Make one 'inputs' list entry per input and one 'outputs' list entry per output.
#  Keys include:
#      * label (an identifier for the GUI)
#      * domain (optional - stream or message. Default is stream)
#      * dtype (e.g. int, float, complex, byte, short, xxx_vector, ...)
#      * vlen (optional - data stream vector length. Default is 1)
#      * optional (optional - set to 1 for optional inputs. Default is 0)
inputs:
  - label: Voltage
    dtype: float

  - label: Current
    dtype: float

  - label: DeltaPHI
    dtype: float

outputs:
  - label: P
    dtype: float

  - label: Q
    dtype: float

  - label: S
    dtype: float

  - label: Phi
    dtype: float
#  'file_format' specifies the version of the GRC yml format used in the file
#  and should usually not be changed.

documentation: |-
  This block calculates Apparent, Active and Reactive power and phase shift. Adapted to work with picoscope 4000a.
  To properly use, add power calc prepper as inputs for this block.
  Argument alpha denotes how fast new information is taken into account. 
      Lower values will make it slower to react, but ignore small irregularities in input data

file_format: 1
